
Microsoft Visual Studio Solution File, Format Version 12.00
# Visual Studio Express 14 for Windows Desktop
VisualStudioVersion = 14.0.23107.0
MinimumVisualStudioVersion = 10.0.40219.1
Project("{FAE04EC0-301F-11D3-BF4B-00C04F79EFBC}") = "ATP2016ProjectWPF", "ATP2016ProjectWPF\ATP2016ProjectWPF.csproj", "{C1984BEB-D158-4166-BFE4-A9D274D0A108}"
EndProject
Project("{FAE04EC0-301F-11D3-BF4B-00C04F79EFBC}") = "ATP2016ProjectWPF.UnitTesting", "ATP2016ProjectWPF.UnitTesting\ATP2016ProjectWPF.UnitTesting.csproj", "{03B6C4BC-C704-4C97-853E-FDBC4FCA4779}"
EndProject
Global
	GlobalSection(SolutionConfigurationPlatforms) = preSolution
		Debug|Any CPU = Debug|Any CPU
		Release|Any CPU = Release|Any CPU
	EndGlobalSection
	GlobalSection(ProjectConfigurationPlatforms) = postSolution
		{C1984BEB-D158-4166-BFE4-A9D274D0A108}.Debug|Any CPU.ActiveCfg = Debug|Any CPU
		{C1984BEB-D158-4166-BFE4-A9D274D0A108}.Debug|Any CPU.Build.0 = Debug|Any CPU
		{C1984BEB-D158-4166-BFE4-A9D274D0A108}.Release|Any CPU.ActiveCfg = Release|Any CPU
		{C1984BEB-D158-4166-BFE4-A9D274D0A108}.Release|Any CPU.Build.0 = Release|Any CPU
		{03B6C4BC-C704-4C97-853E-FDBC4FCA4779}.Debug|Any CPU.ActiveCfg = Debug|Any CPU
		{03B6C4BC-C704-4C97-853E-FDBC4FCA4779}.Debug|Any CPU.Build.0 = Debug|Any CPU
		{03B6C4BC-C704-4C97-853E-FDBC4FCA4779}.Release|Any CPU.ActiveCfg = Release|Any CPU
		{03B6C4BC-C704-4C97-853E-FDBC4FCA4779}.Release|Any CPU.Build.0 = Release|Any CPU
	EndGlobalSection
	GlobalSection(SolutionProperties) = preSolution
		HideSolutionNode = FALSE
	EndGlobalSection
EndGlobal
